<?xml version="1.0" encoding="UTF-8" standalone="yes" ?>
<CodeBlocks_project_file>
	<FileVersion major="1" minor="6" />
	<Project>
		<Option title="Project" />
		<Option pch_mode="2" />
		<Option compiler="gcc" />
		<Build>
			<Target title="Debug">
				<Option output="bin/Debug/Project" prefix_auto="1" extension_auto="1" />
				<Option working_dir="../Project" />
				<Option object_output="obj/Debug/" />
				<Option type="1" />
				<Option compiler="gcc" />
				<Compiler>
					<Add option="-Wextra" />
					<Add option="-Wall" />
					<Add option="-g" />
					<Add directory="include" />
					<Add directory="Headers" />
					<Add directory="../Project" />
				</Compiler>
			</Target>
			<Target title="Release">
				<Option output="bin/Release/Project" prefix_auto="1" extension_auto="1" />
				<Option working_dir="../Project" />
				<Option object_output="obj/Release/" />
				<Option type="0" />
				<Option compiler="gcc" />
				<Compiler>
					<Add option="-O2" />
					<Add directory="include" />
					<Add directory="Headers" />
					<Add directory="../Project" />
				</Compiler>
				<Linker>
					<Add option="-s" />
				</Linker>
			</Target>
		</Build>
		<Compiler>
			<Add option="-Wall" />
			<Add directory="../Libraries/freeglut/include" />
			<Add directory="../Libraries/glew-1.10.0/include" />
			<Add directory="../Libraries/glm/include" />
			<Add directory="../Libraries/DevIL-x86-1.7.8/include" />
		</Compiler>
		<Linker>
			<Add library="glew32" />
			<Add library="glut32" />
			<Add library="opengl32" />
			<Add library="glu32" />
			<Add library="winmm" />
			<Add library="gdi32" />
			<Add library="DevIL" />
			<Add directory="../Libraries/Freeglut/lib" />
			<Add directory="../Libraries/glew-1.10.0/lib" />
			<Add directory="../Libraries/DevIL-x86-1.7.8/lib" />
		</Linker>
		<Unit filename="BoundingEllipsoid.cpp" />
		<Unit filename="BoundingEllipsoid.hpp" />
		<Unit filename="Camera.hpp" />
		<Unit filename="FlappyBird.cpp" />
		<Unit filename="FlappyBird.hpp" />
		<Unit filename="GameObject.cpp" />
		<Unit filename="GameObject.hpp" />
		<Unit filename="Geometry.cpp" />
		<Unit filename="Geometry.hpp" />
		<Unit filename="Lazor.hpp" />
		<Unit filename="Mesh.cpp" />
		<Unit filename="Mesh.hpp" />
		<Unit filename="ShaderProgram.hpp" />
		<Unit filename="Texture.hpp" />
		<Unit filename="Vertex.cpp" />
		<Unit filename="Vertex.hpp" />
		<Unit filename="glmToCout.cpp" />
		<Unit filename="glmToCout.hpp" />
		<Unit filename="main.cpp" />
		<Unit filename="shaders/flat.frag" />
		<Unit filename="shaders/flat.vert" />
		<Unit filename="shaders/phong.frag" />
		<Unit filename="shaders/phong.vert" />
		<Unit filename="shaders/skybox.vert" />
		<Extensions>
			<code_completion />
			<envvars />
			<debugger />
			<lib_finder disable_auto="1" />
			<DoxyBlocks>
				<comment_style block="0" line="0" />
				<doxyfile_project />
				<doxyfile_build />
				<doxyfile_warnings />
				<doxyfile_output />
				<doxyfile_dot />
				<general />
			</DoxyBlocks>
		</Extensions>
	</Project>
</CodeBlocks_project_file>
